
Microsoft Visual Studio Solution File, Format Version 12.00
# Visual Studio 14
VisualStudioVersion = 14.0.24720.0
MinimumVisualStudioVersion = 10.0.40219.1
Project("{2150E333-8FDC-42A3-9474-1A3956D46DE8}") = ".paket", ".paket", "{9F41D35A-0443-428B-92CB-1D79FC80EE8C}"
	ProjectSection(SolutionItems) = preProject
		paket.dependencies = paket.dependencies
		paket.lock = paket.lock
	EndProjectSection
EndProject
Project("{F2A71F9B-5D33-465A-A702-920D77279786}") = "XMindToMarkdown", "XMindToMarkdown\XMindToMarkdown.fsproj", "{3559C3DC-4793-4372-BDC4-A2CA5C23A226}"
EndProject
Project("{F2A71F9B-5D33-465A-A702-920D77279786}") = "XMindToMarkdownTest", "XMindToMarkdownTest\XMindToMarkdownTest.fsproj", "{A15BF87C-4ABA-4FCE-B9ED-A4913738D3AD}"
EndProject
Global
	GlobalSection(SolutionConfigurationPlatforms) = preSolution
		Debug|Any CPU = Debug|Any CPU
		Release|Any CPU = Release|Any CPU
	EndGlobalSection
	GlobalSection(ProjectConfigurationPlatforms) = postSolution
		{3559C3DC-4793-4372-BDC4-A2CA5C23A226}.Debug|Any CPU.ActiveCfg = Debug|Any CPU
		{3559C3DC-4793-4372-BDC4-A2CA5C23A226}.Debug|Any CPU.Build.0 = Debug|Any CPU
		{3559C3DC-4793-4372-BDC4-A2CA5C23A226}.Release|Any CPU.ActiveCfg = Release|Any CPU
		{3559C3DC-4793-4372-BDC4-A2CA5C23A226}.Release|Any CPU.Build.0 = Release|Any CPU
		{A15BF87C-4ABA-4FCE-B9ED-A4913738D3AD}.Debug|Any CPU.ActiveCfg = Debug|Any CPU
		{A15BF87C-4ABA-4FCE-B9ED-A4913738D3AD}.Debug|Any CPU.Build.0 = Debug|Any CPU
		{A15BF87C-4ABA-4FCE-B9ED-A4913738D3AD}.Release|Any CPU.ActiveCfg = Release|Any CPU
		{A15BF87C-4ABA-4FCE-B9ED-A4913738D3AD}.Release|Any CPU.Build.0 = Release|Any CPU
	EndGlobalSection
	GlobalSection(SolutionProperties) = preSolution
		HideSolutionNode = FALSE
	EndGlobalSection
EndGlobal
